// !$*UTF8*$!
{
	archiveVersion = 1;
	classes = {
	};
	objectVersion = 46;
	objects = {

/* Begin PBXBuildFile section */
		92B1BBFC1E7333DD00EB441C /* AppDelegate.swift in Sources */ = {isa = PBXBuildFile; fileRef = 92B1BBFB1E7333DD00EB441C /* AppDelegate.swift */; };
		92B1BBFE1E7333DD00EB441C /* ViewController.swift in Sources */ = {isa = PBXBuildFile; fileRef = 92B1BBFD1E7333DD00EB441C /* ViewController.swift */; };
		92B1BC001E7333DD00EB441C /* Assets.xcassets in Resources */ = {isa = PBXBuildFile; fileRef = 92B1BBFF1E7333DD00EB441C /* Assets.xcassets */; };
		92B1BC031E7333DD00EB441C /* Main.storyboard in Resources */ = {isa = PBXBuildFile; fileRef = 92B1BC011E7333DD00EB441C /* Main.storyboard */; };
		92B1BC0D1E7333F600EB441C /* CloudKit.framework in Frameworks */ = {isa = PBXBuildFile; fileRef = 92B1BC0C1E7333F600EB441C /* CloudKit.framework */; };
/* End PBXBuildFile section */

/* Begin PBXFileReference section */
		92B1BBF81E7333DD00EB441C /* Live Cloud.app */ = {isa = PBXFileReference; explicitFileType = wrapper.application; includeInIndex = 0; path = "Live Cloud.app"; sourceTree = BUILT_PRODUCTS_DIR; };
		92B1BBFB1E7333DD00EB441C /* AppDelegate.swift */ = {isa = PBXFileReference; lastKnownFileType = sourcecode.swift; path = AppDelegate.swift; sourceTree = "<group>"; };
		92B1BBFD1E7333DD00EB441C /* ViewController.swift */ = {isa = PBXFileReference; lastKnownFileType = sourcecode.swift; path = ViewController.swift; sourceTree = "<group>"; };
		92B1BBFF1E7333DD00EB441C /* Assets.xcassets */ = {isa = PBXFileReference; lastKnownFileType = folder.assetcatalog; path = Assets.xcassets; sourceTree = "<group>"; };
		92B1BC021E7333DD00EB441C /* Base */ = {isa = PBXFileReference; lastKnownFileType = file.storyboard; name = Base; path = Base.lproj/Main.storyboard; sourceTree = "<group>"; };
		92B1BC041E7333DD00EB441C /* Info.plist */ = {isa = PBXFileReference; lastKnownFileType = text.plist.xml; path = Info.plist; sourceTree = "<group>"; };
		92B1BC0A1E7333F300EB441C /* Live Cloud.entitlements */ = {isa = PBXFileReference; lastKnownFileType = text.plist.entitlements; path = "Live Cloud.entitlements"; sourceTree = "<group>"; };
		92B1BC0C1E7333F600EB441C /* CloudKit.framework */ = {isa = PBXFileReference; lastKnownFileType = wrapper.framework; name = CloudKit.framework; path = System/Library/Frameworks/CloudKit.framework; sourceTree = SDKROOT; };
/* End PBXFileReference section */

/* Begin PBXFrameworksBuildPhase section */
		92B1BBF51E7333DD00EB441C /* Frameworks */ = {
			isa = PBXFrameworksBuildPhase;
			buildActionMask = 2147483647;
			files = (
				92B1BC0D1E7333F600EB441C /* CloudKit.framework in Frameworks */,
			);
			runOnlyForDeploymentPostprocessing = 0;
		};
/* End PBXFrameworksBuildPhase section */

/* Begin PBXGroup section */
		92B1BBEF1E7333DD00EB441C = {
			isa = PBXGroup;
			children = (
				92B1BBFA1E7333DD00EB441C /* Live Cloud */,
				92B1BBF91E7333DD00EB441C /* Products */,
				92B1BC0B1E7333F600EB441C /* Frameworks */,
			);
			sourceTree = "<group>";
		};
		92B1BBF91E7333DD00EB441C /* Products */ = {
			isa = PBXGroup;
			children = (
				92B1BBF81E7333DD00EB441C /* Live Cloud.app */,
			);
			name = Products;
			sourceTree = "<group>";
		};
		92B1BBFA1E7333DD00EB441C /* Live Cloud */ = {
			isa = PBXGroup;
			children = (
				92B1BC0A1E7333F300EB441C /* Live Cloud.entitlements */,
				92B1BBFB1E7333DD00EB441C /* AppDelegate.swift */,
				92B1BBFD1E7333DD00EB441C /* ViewController.swift */,
				92B1BBFF1E7333DD00EB441C /* Assets.xcassets */,
				92B1BC011E7333DD00EB441C /* Main.storyboard */,
				92B1BC041E7333DD00EB441C /* Info.plist */,
			);
			path = "Live Cloud";
			sourceTree = "<group>";
		};
		92B1BC0B1E7333F600EB441C /* Frameworks */ = {
			isa = PBXGroup;
			children = (
				92B1BC0C1E7333F600EB441C /* CloudKit.framework */,
			);
			name = Frameworks;
			sourceTree = "<group>";
		};
/* End PBXGroup section */

/* Begin PBXNativeTarget section */
		92B1BBF71E7333DD00EB441C /* Live Cloud */ = {
			isa = PBXNativeTarget;
			buildConfigurationList = 92B1BC071E7333DD00EB441C /* Build configuration list for PBXNativeTarget "Live Cloud" */;
			buildPhases = (
				92B1BBF41E7333DD00EB441C /* Sources */,
				92B1BBF51E7333DD00EB441C /* Frameworks */,
				92B1BBF61E7333DD00EB441C /* Resources */,
			);
			buildRules = (
			);
			dependencies = (
			);
			name = "Live Cloud";
			productName = "Live Cloud";
			productReference = 92B1BBF81E7333DD00EB441C /* Live Cloud.app */;
			productType = "com.apple.product-type.application";
		};
/* End PBXNativeTarget section */

/* Begin PBXProject section */
		92B1BBF01E7333DD00EB441C /* Project object */ = {
			isa = PBXProject;
			attributes = {
				LastSwiftUpdateCheck = 0820;
				LastUpgradeCheck = 0820;
				ORGANIZATIONNAME = "Firefly Design";
				TargetAttributes = {
					92B1BBF71E7333DD00EB441C = {
						CreatedOnToolsVersion = 8.2.1;
						DevelopmentTeam = TVNL896ZKT;
						ProvisioningStyle = Automatic;
						SystemCapabilities = {
							com.apple.Push = {
								enabled = 1;
							};
							com.apple.iCloud = {
								enabled = 1;
							};
						};
					};
				};
			};
			buildConfigurationList = 92B1BBF31E7333DD00EB441C /* Build configuration list for PBXProject "Live Cloud" */;
			compatibilityVersion = "Xcode 3.2";
			developmentRegion = English;
			hasScannedForEncodings = 0;
			knownRegions = (
				en,
				Base,
			);
			mainGroup = 92B1BBEF1E7333DD00EB441C;
			productRefGroup = 92B1BBF91E7333DD00EB441C /* Products */;
			projectDirPath = "";
			projectRoot = "";
			targets = (
				92B1BBF71E7333DD00EB441C /* Live Cloud */,
			);
		};
/* End PBXProject section */

/* Begin PBXResourcesBuildPhase section */
		92B1BBF61E7333DD00EB441C /* Resources */ = {
			isa = PBXResourcesBuildPhase;
			buildActionMask = 2147483647;
			files = (
				92B1BC001E7333DD00EB441C /* Assets.xcassets in Resources */,
				92B1BC031E7333DD00EB441C /* Main.storyboard in Resources */,
			);
			runOnlyForDeploymentPostprocessing = 0;
		};
/* End PBXResourcesBuildPhase section */

/* Begin PBXSourcesBuildPhase section */
		92B1BBF41E7333DD00EB441C /* Sources */ = {
			isa = PBXSourcesBuildPhase;
			buildActionMask = 2147483647;
			files = (
				92B1BBFE1E7333DD00EB441C /* ViewController.swift in Sources */,
				92B1BBFC1E7333DD00EB441C /* AppDelegate.swift in Sources */,
			);
			runOnlyForDeploymentPostprocessing = 0;
		};
/* End PBXSourcesBuildPhase section */

/* Begin PBXVariantGroup section */
		92B1BC011E7333DD00EB441C /* Main.storyboard */ = {
			isa = PBXVariantGroup;
			children = (
				92B1BC021E7333DD00EB441C /* Base */,
			);
			name = Main.storyboard;
			sourceTree = "<group>";
		};
/* End PBXVariantGroup section */

/* Begin XCBuildConfiguration section */
		92B1BC051E7333DD00EB441C /* Debug */ = {
			isa = XCBuildConfiguration;
			buildSettings = {
				ALWAYS_SEARCH_USER_PATHS = NO;
				CLANG_ANALYZER_NONNULL = YES;
				CLANG_CXX_LANGUAGE_STANDARD = "gnu++0x";
				CLANG_CXX_LIBRARY = "libc++";
				CLANG_ENABLE_MODULES = YES;
				CLANG_ENABLE_OBJC_ARC = YES;
				CLANG_WARN_BOOL_CONVERSION = YES;
				CLANG_WARN_CONSTANT_CONVERSION = YES;
				CLANG_WARN_DIRECT_OBJC_ISA_USAGE = YES_ERROR;
				CLANG_WARN_DOCUMENTATION_COMMENTS = YES;
				CLANG_WARN_EMPTY_BODY = YES;
				CLANG_WARN_ENUM_CONVERSION = YES;
				CLANG_WARN_INFINITE_RECURSION = YES;
				CLANG_WARN_INT_CONVERSION = YES;
				CLANG_WARN_OBJC_ROOT_CLASS = YES_ERROR;
				CLANG_WARN_SUSPICIOUS_MOVE = YES;
				CLANG_WARN_UNREACHABLE_CODE = YES;
				CLANG_WARN__DUPLICATE_METHOD_MATCH = YES;
				CODE_SIGN_IDENTITY = "-";
				COPY_PHASE_STRIP = NO;
				DEBUG_INFORMATION_FORMAT = dwarf;
				ENABLE_STRICT_OBJC_MSGSEND = YES;
				ENABLE_TESTABILITY = YES;
				GCC_C_LANGUAGE_STANDARD = gnu99;
				GCC_DYNAMIC_NO_PIC = NO;
				GCC_NO_COMMON_BLOCKS = YES;
				GCC_OPTIMIZATION_LEVEL = 0;
				GCC_PREPROCESSOR_DEFINITIONS = (
					"DEBUG=1",
					"$(inherited)",
				);
				GCC_WARN_64_TO_32_BIT_CONVERSION = YES;
				GCC_WARN_ABOUT_RETURN_TYPE = YES_ERROR;
				GCC_WARN_UNDECLARED_SELECTOR = YES;
				GCC_WARN_UNINITIALIZED_AUTOS = YES_AGGRESSIVE;
				GCC_WARN_UNUSED_FUNCTION = YES;
				GCC_WARN_UNUSED_VARIABLE = YES;
				MACOSX_DEPLOYMENT_TARGET = 10.12;
				MTL_ENABLE_DEBUG_INFO = YES;
				ONLY_ACTIVE_ARCH = YES;
				SDKROOT = macosx;
				SWIFT_ACTIVE_COMPILATION_CONDITIONS = DEBUG;
				SWIFT_OPTIMIZATION_LEVEL = "-Onone";
			};
			name = Debug;
		};
		92B1BC061E7333DD00EB441C /* Release */ = {
			isa = XCBuildConfiguration;
			buildSettings = {
				ALWAYS_SEARCH_USER_PATHS = NO;
				CLANG_ANALYZER_NONNULL = YES;
				CLANG_CXX_LANGUAGE_STANDARD = "gnu++0x";
				CLANG_CXX_LIBRARY = "libc++";
				CLANG_ENABLE_MODULES = YES;
				CLANG_ENABLE_OBJC_ARC = YES;
				CLANG_WARN_BOOL_CONVERSION = YES;
				CLANG_WARN_CONSTANT_CONVERSION = YES;
				CLANG_WARN_DIRECT_OBJC_ISA_USAGE = YES_ERROR;
				CLANG_WARN_DOCUMENTATION_COMMENTS = YES;
				CLANG_WARN_EMPTY_BODY = YES;
				CLANG_WARN_ENUM_CONVERSION = YES;
				CLANG_WARN_INFINITE_RECURSION = YES;
				CLANG_WARN_INT_CONVERSION = YES;
				CLANG_WARN_OBJC_ROOT_CLASS = YES_ERROR;
				CLANG_WARN_SUSPICIOUS_MOVE = YES;
				CLANG_WARN_UNREACHABLE_CODE = YES;
				CLANG_WARN__DUPLICATE_METHOD_MATCH = YES;
				CODE_SIGN_IDENTITY = "-";
				COPY_PHASE_STRIP = NO;
				DEBUG_INFORMATION_FORMAT = "dwarf-with-dsym";
				ENABLE_NS_ASSERTIONS = NO;
				ENABLE_STRICT_OBJC_MSGSEND = YES;
				GCC_C_LANGUAGE_STANDARD = gnu99;
				GCC_NO_COMMON_BLOCKS = YES;
				GCC_WARN_64_TO_32_BIT_CONVERSION = YES;
				GCC_WARN_ABOUT_RETURN_TYPE = YES_ERROR;
				GCC_WARN_UNDECLARED_SELECTOR = YES;
				GCC_WARN_UNINITIALIZED_AUTOS = YES_AGGRESSIVE;
				GCC_WARN_UNUSED_FUNCTION = YES;
				GCC_WARN_UNUSED_VARIABLE = YES;
				MACOSX_DEPLOYMENT_TARGET = 10.12;
				MTL_ENABLE_DEBUG_INFO = NO;
				SDKROOT = macosx;
				SWIFT_OPTIMIZATION_LEVEL = "-Owholemodule";
			};
			name = Release;
		};
		92B1BC081E7333DD00EB441C /* Debug */ = {
			isa = XCBuildConfiguration;
			buildSettings = {
				ASSETCATALOG_COMPILER_APPICON_NAME = AppIcon;
				CODE_SIGN_ENTITLEMENTS = "Live Cloud/Live Cloud.entitlements";
				CODE_SIGN_IDENTITY = "Mac Developer";
				COMBINE_HIDPI_IMAGES = YES;
				DEVELOPMENT_TEAM = TVNL896ZKT;
				INFOPLIST_FILE = "Live Cloud/Info.plist";
				LD_RUNPATH_SEARCH_PATHS = "$(inherited) @executable_path/../Frameworks";
				PRODUCT_BUNDLE_IDENTIFIER = "com.fireflydesign.Live-Cloud";
				PRODUCT_NAME = "$(TARGET_NAME)";
				SWIFT_VERSION = 3.0;
			};
			name = Debug;
		};
		92B1BC091E7333DD00EB441C /* Release */ = {
			isa = XCBuildConfiguration;
			buildSettings = {
				ASSETCATALOG_COMPILER_APPICON_NAME = AppIcon;
				CODE_SIGN_ENTITLEMENTS = "Live Cloud/Live Cloud.entitlements";
				CODE_SIGN_IDENTITY = "Mac Developer";
				COMBINE_HIDPI_IMAGES = YES;
				DEVELOPMENT_TEAM = TVNL896ZKT;
				INFOPLIST_FILE = "Live Cloud/Info.plist";
				LD_RUNPATH_SEARCH_PATHS = "$(inherited) @executable_path/../Frameworks";
				PRODUCT_BUNDLE_IDENTIFIER = "com.fireflydesign.Live-Cloud";
				PRODUCT_NAME = "$(TARGET_NAME)";
				SWIFT_VERSION = 3.0;
			};
			name = Release;
		};
/* End XCBuildConfiguration section */

/* Begin XCConfigurationList section */
		92B1BBF31E7333DD00EB441C /* Build configuration list for PBXProject "Live Cloud" */ = {
			isa = XCConfigurationList;
			buildConfigurations = (
				92B1BC051E7333DD00EB441C /* Debug */,
				92B1BC061E7333DD00EB441C /* Release */,
			);
			defaultConfigurationIsVisible = 0;
			defaultConfigurationName = Release;
		};
		92B1BC071E7333DD00EB441C /* Build configuration list for PBXNativeTarget "Live Cloud" */ = {
			isa = XCConfigurationList;
			buildConfigurations = (
				92B1BC081E7333DD00EB441C /* Debug */,
				92B1BC091E7333DD00EB441C /* Release */,
			);
			defaultConfigurationIsVisible = 0;
		};
/* End XCConfigurationList section */
	};
	rootObject = 92B1BBF01E7333DD00EB441C /* Project object */;
}
